
Microsoft Visual Studio Solution File, Format Version 12.00
# Visual Studio Version 16
VisualStudioVersion = 16.0.30002.166
MinimumVisualStudioVersion = 10.0.40219.1
Project("{FAE04EC0-301F-11D3-BF4B-00C04F79EFBC}") = "MicrophoneAlert.net", "MicrophoneAlert.net\MicrophoneAlert.net.csproj", "{E887EE04-44A6-4368-9F3A-A342C40E5052}"
EndProject
Global
	GlobalSection(SolutionConfigurationPlatforms) = preSolution
		Debug|Any CPU = Debug|Any CPU
		Release|Any CPU = Release|Any CPU
	EndGlobalSection
	GlobalSection(ProjectConfigurationPlatforms) = postSolution
		{E887EE04-44A6-4368-9F3A-A342C40E5052}.Debug|Any CPU.ActiveCfg = Debug|Any CPU
		{E887EE04-44A6-4368-9F3A-A342C40E5052}.Debug|Any CPU.Build.0 = Debug|Any CPU
		{E887EE04-44A6-4368-9F3A-A342C40E5052}.Release|Any CPU.ActiveCfg = Release|Any CPU
		{E887EE04-44A6-4368-9F3A-A342C40E5052}.Release|Any CPU.Build.0 = Release|Any CPU
	EndGlobalSection
	GlobalSection(SolutionProperties) = preSolution
		HideSolutionNode = FALSE
	EndGlobalSection
	GlobalSection(ExtensibilityGlobals) = postSolution
		SolutionGuid = {F082B28D-4D77-40E9-A1A4-BDE18B4DFCFF}
	EndGlobalSection
EndGlobal
